
Microsoft Visual Studio Solution File, Format Version 12.00
# Visual Studio 14
VisualStudioVersion = 14.0.24720.0
MinimumVisualStudioVersion = 10.0.40219.1
Project("{FAE04EC0-301F-11D3-BF4B-00C04F79EFBC}") = "WebStudy", "WebStudy\WebStudy.csproj", "{04C7089D-A737-488B-B1B8-BD2506F57913}"
EndProject
Project("{E24C65DC-7377-472B-9ABA-BC803B73C61A}") = "bootstrap", "..\bootstrap\", "{94ABBEE1-7C1B-48A8-A84C-C6735BD6F411}"
	ProjectSection(WebsiteProperties) = preProject
		TargetFrameworkMoniker = ".NETFramework,Version%3Dv4.0"
		Debug.AspNetCompiler.VirtualPath = "/localhost_41916"
		Debug.AspNetCompiler.PhysicalPath = "..\bootstrap\"
		Debug.AspNetCompiler.TargetPath = "PrecompiledWeb\localhost_41916\"
		Debug.AspNetCompiler.Updateable = "true"
		Debug.AspNetCompiler.ForceOverwrite = "true"
		Debug.AspNetCompiler.FixedNames = "false"
		Debug.AspNetCompiler.Debug = "True"
		Release.AspNetCompiler.VirtualPath = "/localhost_41916"
		Release.AspNetCompiler.PhysicalPath = "..\bootstrap\"
		Release.AspNetCompiler.TargetPath = "PrecompiledWeb\localhost_41916\"
		Release.AspNetCompiler.Updateable = "true"
		Release.AspNetCompiler.ForceOverwrite = "true"
		Release.AspNetCompiler.FixedNames = "false"
		Release.AspNetCompiler.Debug = "False"
		VWDPort = "41916"
		SlnRelativePath = "..\bootstrap\"
	EndProjectSection
EndProject
Global
	GlobalSection(SolutionConfigurationPlatforms) = preSolution
		Debug|Any CPU = Debug|Any CPU
		Release|Any CPU = Release|Any CPU
	EndGlobalSection
	GlobalSection(ProjectConfigurationPlatforms) = postSolution
		{04C7089D-A737-488B-B1B8-BD2506F57913}.Debug|Any CPU.ActiveCfg = Debug|Any CPU
		{04C7089D-A737-488B-B1B8-BD2506F57913}.Debug|Any CPU.Build.0 = Debug|Any CPU
		{04C7089D-A737-488B-B1B8-BD2506F57913}.Release|Any CPU.ActiveCfg = Release|Any CPU
		{04C7089D-A737-488B-B1B8-BD2506F57913}.Release|Any CPU.Build.0 = Release|Any CPU
		{94ABBEE1-7C1B-48A8-A84C-C6735BD6F411}.Debug|Any CPU.ActiveCfg = Debug|Any CPU
		{94ABBEE1-7C1B-48A8-A84C-C6735BD6F411}.Debug|Any CPU.Build.0 = Debug|Any CPU
		{94ABBEE1-7C1B-48A8-A84C-C6735BD6F411}.Release|Any CPU.ActiveCfg = Debug|Any CPU
		{94ABBEE1-7C1B-48A8-A84C-C6735BD6F411}.Release|Any CPU.Build.0 = Debug|Any CPU
	EndGlobalSection
	GlobalSection(SolutionProperties) = preSolution
		HideSolutionNode = FALSE
	EndGlobalSection
EndGlobal
